
Microsoft Visual Studio Solution File, Format Version 12.00
Project("{FAE04EC0-301F-11D3-BF4B-00C04F79EFBC}") = "KenBonny.SpecFlowSetup", "KenBonny.SpecFlowSetup\KenBonny.SpecFlowSetup.csproj", "{A47CE712-30C8-47CA-B256-27A8E215D506}"
EndProject
Global
	GlobalSection(SolutionConfigurationPlatforms) = preSolution
		Debug|Any CPU = Debug|Any CPU
		Release|Any CPU = Release|Any CPU
	EndGlobalSection
	GlobalSection(ProjectConfigurationPlatforms) = postSolution
		{A47CE712-30C8-47CA-B256-27A8E215D506}.Debug|Any CPU.ActiveCfg = Debug|Any CPU
		{A47CE712-30C8-47CA-B256-27A8E215D506}.Debug|Any CPU.Build.0 = Debug|Any CPU
		{A47CE712-30C8-47CA-B256-27A8E215D506}.Release|Any CPU.ActiveCfg = Release|Any CPU
		{A47CE712-30C8-47CA-B256-27A8E215D506}.Release|Any CPU.Build.0 = Release|Any CPU
	EndGlobalSection
EndGlobal
